# This file is automatically @generated by Poetry 2.1.3 and should not be changed by hand.

[[package]]
name = "astroid"
version = "3.3.11"
description = "An abstract syntax tree for Python with inference support."
optional = false
python-versions = ">=3.9.0"
groups = ["dev"]
files = [
    {file = "astroid-3.3.11-py3-none-any.whl", hash = "sha256:54c760ae8322ece1abd213057c4b5bba7c49818853fc901ef09719a60dbf9dec"},
    {file = "astroid-3.3.11.tar.gz", hash = "sha256:1e5a5011af2920c7c67a53f65d536d65bfa7116feeaf2354d8b94f29573bb0ce"},
]

[[package]]
name = "black"
version = "23.12.1"
description = "The uncompromising code formatter."
optional = false
python-versions = ">=3.8"
groups = ["dev"]
files = [
    {file = "black-23.12.1-cp310-cp310-macosx_10_9_x86_64.whl", hash = "sha256:e0aaf6041986767a5e0ce663c7a2f0e9eaf21e6ff87a5f95cbf3675bfd4c41d2"},
    {file = "black-23.12.1-cp310-cp310-macosx_11_0_arm64.whl", hash = "sha256:c88b3711d12905b74206227109272673edce0cb29f27e1385f33b0163c414bba"},
    {file = "black-23.12.1-cp310-cp310-manylinux_2_17_x86_64.manylinux2014_x86_64.whl", hash = "sha256:a920b569dc6b3472513ba6ddea21f440d4b4c699494d2e972a1753cdc25df7b0"},
    {file = "black-23.12.1-cp310-cp310-win_amd64.whl", hash = "sha256:3fa4be75ef2a6b96ea8d92b1587dd8cb3a35c7e3d51f0738ced0781c3aa3a5a3"},
    {file = "black-23.12.1-cp311-cp311-macosx_10_9_x86_64.whl", hash = "sha256:8d4df77958a622f9b5a4c96edb4b8c0034f8434032ab11077ec6c56ae9f384ba"},
    {file = "black-23.12.1-cp311-cp311-macosx_11_0_arm64.whl", hash = "sha256:602cfb1196dc692424c70b6507593a2b29aac0547c1be9a1d1365f0d964c353b"},
    {file = "black-23.12.1-cp311-cp311-manylinux_2_17_x86_64.manylinux2014_x86_64.whl", hash = "sha256:9c4352800f14be5b4864016882cdba10755bd50805c95f728011bcb47a4afd59"},
    {file = "black-23.12.1-cp311-cp311-win_amd64.whl", hash = "sha256:0808494f2b2df923ffc5723ed3c7b096bd76341f6213989759287611e9837d50"},
    {file = "black-23.12.1-cp312-cp312-macosx_10_9_x86_64.whl", hash = "sha256:25e57fd232a6d6ff3f4478a6fd0580838e47c93c83eaf1ccc92d4faf27112c4e"},
    {file = "black-23.12.1-cp312-cp312-macosx_11_0_arm64.whl", hash = "sha256:2d9e13db441c509a3763a7a3d9a49ccc1b4e974a47be4e08ade2a228876500ec"},
    {file = "black-23.12.1-cp312-cp312-manylinux_2_17_x86_64.manylinux2014_x86_64.whl", hash = "sha256:6d1bd9c210f8b109b1762ec9fd36592fdd528485aadb3f5849b2740ef17e674e"},
    {file = "black-23.12.1-cp312-cp312-win_amd64.whl", hash = "sha256:ae76c22bde5cbb6bfd211ec343ded2163bba7883c7bc77f6b756a1049436fbb9"},
    {file = "black-23.12.1-cp38-cp38-macosx_10_9_x86_64.whl", hash = "sha256:1fa88a0f74e50e4487477bc0bb900c6781dbddfdfa32691e780bf854c3b4a47f"},
    {file = "black-23.12.1-cp38-cp38-macosx_11_0_arm64.whl", hash = "sha256:a4d6a9668e45ad99d2f8ec70d5c8c04ef4f32f648ef39048d010b0689832ec6d"},
    {file = "black-23.12.1-cp38-cp38-manylinux_2_17_x86_64.manylinux2014_x86_64.whl", hash = "sha256:b18fb2ae6c4bb63eebe5be6bd869ba2f14fd0259bda7d18a46b764d8fb86298a"},
    {file = "black-23.12.1-cp38-cp38-win_amd64.whl", hash = "sha256:c04b6d9d20e9c13f43eee8ea87d44156b8505ca8a3c878773f68b4e4812a421e"},
    {file = "black-23.12.1-cp39-cp39-macosx_10_9_x86_64.whl", hash = "sha256:3e1b38b3135fd4c025c28c55ddfc236b05af657828a8a6abe5deec419a0b7055"},
    {file = "black-23.12.1-cp39-cp39-macosx_11_0_arm64.whl", hash = "sha256:4f0031eaa7b921db76decd73636ef3a12c942ed367d8c3841a0739412b260a54"},
    {file = "black-23.12.1-cp39-cp39-manylinux_2_17_x86_64.manylinux2014_x86_64.whl", hash = "sha256:97e56155c6b737854e60a9ab1c598ff2533d57e7506d97af5481141671abf3ea"},
    {file = "black-23.12.1-cp39-cp39-win_amd64.whl", hash = "sha256:dd15245c8b68fe2b6bd0f32c1556509d11bb33aec9b5d0866dd8e2ed3dba09c2"},
    {file = "black-23.12.1-py3-none-any.whl", hash = "sha256:78baad24af0f033958cad29731e27363183e140962595def56423e626f4bee3e"},
    {file = "black-23.12.1.tar.gz", hash = "sha256:4ce3ef14ebe8d9509188014d96af1c456a910d5b5cbf434a09fef7e024b3d0d5"},
]

[package.dependencies]
click = ">=8.0.0"
mypy-extensions = ">=0.4.3"
packaging = ">=22.0"
pathspec = ">=0.9.0"
platformdirs = ">=2"

[package.extras]
colorama = ["colorama (>=0.4.3)"]
d = ["aiohttp (>=3.7.4) ; sys_platform != \"win32\" or implementation_name != \"pypy\"", "aiohttp (>=3.7.4,!=3.9.0) ; sys_platform == \"win32\" and implementation_name == \"pypy\""]
jupyter = ["ipython (>=7.8.0)", "tokenize-rt (>=3.2.0)"]
uvloop = ["uvloop (>=0.15.2)"]

[[package]]
name = "click"
version = "8.1.8"
description = "Composable command line interface toolkit"
optional = false
python-versions = ">=3.7"
groups = ["dev"]
files = [
    {file = "click-8.1.8-py3-none-any.whl", hash = "sha256:63c132bbbed01578a06712a2d1f497bb62d9c1c0d329b7903a866228027263b2"},
    {file = "click-8.1.8.tar.gz", hash = "sha256:ed53c9d8990d83c2a27deae68e4ee337473f6330c040a31d4225c9574d16096a"},
]

[package.dependencies]
colorama = {version = "*", markers = "platform_system == \"Windows\""}

[[package]]
name = "colorama"
version = "0.4.6"
description = "Cross-platform colored terminal text."
optional = false
python-versions = "!=3.0.*,!=3.1.*,!=3.2.*,!=3.3.*,!=3.4.*,!=3.5.*,!=3.6.*,>=2.7"
groups = ["dev"]
files = [
    {file = "colorama-0.4.6-py2.py3-none-any.whl", hash = "sha256:4f1d9991f5acc0ca119f9d443620b77f9d6b33703e51011c16baf57afb285fc6"},
    {file = "colorama-0.4.6.tar.gz", hash = "sha256:08695f5cb7ed6e0531a20572697297273c47b8cae5a63ffc6d6ed5c201be6e44"},
]

[[package]]
name = "dill"
version = "0.4.0"
description = "serialize all of Python"
optional = false
python-versions = ">=3.8"
groups = ["dev"]
files = [
    {file = "dill-0.4.0-py3-none-any.whl", hash = "sha256:44f54bf6412c2c8464c14e8243eb163690a9800dbe2c367330883b19c7561049"},
    {file = "dill-0.4.0.tar.gz", hash = "sha256:0633f1d2df477324f53a895b02c901fb961bdbf65a17122586ea7019292cbcf0"},
]

[package.extras]
graph = ["objgraph (>=1.7.2)"]
profile = ["gprof2dot (>=2022.7.29)"]

[[package]]
name = "flake8"
version = "6.1.0"
description = "the modular source code checker: pep8 pyflakes and co"
optional = false
python-versions = ">=3.8.1"
groups = ["dev"]
files = [
    {file = "flake8-6.1.0-py2.py3-none-any.whl", hash = "sha256:ffdfce58ea94c6580c77888a86506937f9a1a227dfcd15f245d694ae20a6b6e5"},
    {file = "flake8-6.1.0.tar.gz", hash = "sha256:d5b3857f07c030bdb5bf41c7f53799571d75c4491748a3adcd47de929e34cd23"},
]

[package.dependencies]
mccabe = ">=0.7.0,<0.8.0"
pycodestyle = ">=2.11.0,<2.12.0"
pyflakes = ">=3.1.0,<3.2.0"

[[package]]
name = "grimp"
version = "3.9"
description = "Builds a queryable graph of the imports within one or more Python packages."
optional = false
python-versions = ">=3.9"
groups = ["dev"]
files = [
    {file = "grimp-3.9-cp310-cp310-macosx_10_12_x86_64.whl", hash = "sha256:febc16712658e4eed18a8f313036165eef33dabad65afde01c1da0429923f229"},
    {file = "grimp-3.9-cp310-cp310-macosx_11_0_arm64.whl", hash = "sha256:6b79782e4fad92ee0375ac20c086d7e32e23d880ff70541295da4fba07336486"},
    {file = "grimp-3.9-cp310-cp310-manylinux_2_17_aarch64.manylinux2014_aarch64.whl", hash = "sha256:8dd8480adcd5241ffb013be922885b87de2fc7d834cdba1cc1d65f2c378bd282"},
    {file = "grimp-3.9-cp310-cp310-manylinux_2_17_armv7l.manylinux2014_armv7l.whl", hash = "sha256:bc5860e9ad17f8538bb2064aed86df27058187e554f21ecc79b3f5ae7bf5f919"},
    {file = "grimp-3.9-cp310-cp310-manylinux_2_17_i686.manylinux2014_i686.whl", hash = "sha256:dca743dad74db046a1104f53d83d7297eb14990d0ba4c8a548c493145cc158bc"},
    {file = "grimp-3.9-cp310-cp310-manylinux_2_17_ppc64le.manylinux2014_ppc64le.whl", hash = "sha256:9886231877cda72aba4c4975d819d79f149e0edb22fd3f55ed5d5f89cb3ab28e"},
    {file = "grimp-3.9-cp310-cp310-manylinux_2_17_s390x.manylinux2014_s390x.whl", hash = "sha256:f80f7bf293c552edf1e48dcc7a4339532e604357b22b2ee1d55d08ae1ff2a811"},
    {file = "grimp-3.9-cp310-cp310-manylinux_2_17_x86_64.manylinux2014_x86_64.whl", hash = "sha256:cb8bb74b38727a8928cfbfa670632c1f27cb97350348f954e318243a785f7a51"},
    {file = "grimp-3.9-cp310-cp310-musllinux_1_2_aarch64.whl", hash = "sha256:9fec4ca6a9cde9c6bc2c565243ec4294f6dea65da34c9af6b3d2725d0e6e055e"},
    {file = "grimp-3.9-cp310-cp310-musllinux_1_2_armv7l.whl", hash = "sha256:03e99fed9ac98f732bfa528eeed76643013d8278eb62a271d841fadbde408252"},
    {file = "grimp-3.9-cp310-cp310-musllinux_1_2_i686.whl", hash = "sha256:b391fe8379fade735c21a016fd22eafb85cd65c7962e8bed176dc9c2ad5a169c"},
    {file = "grimp-3.9-cp310-cp310-musllinux_1_2_x86_64.whl", hash = "sha256:7f2af0715304971798241353a3e6c5cc64339a4871dd7b33372c810e5c7c7251"},
    {file = "grimp-3.9-cp310-cp310-win32.whl", hash = "sha256:4db8ac24b52e0859ac47ee2c6aa1b40323774078dbc22193699b3ad7d2bb1bd2"},
    {file = "grimp-3.9-cp310-cp310-win_amd64.whl", hash = "sha256:75ca679e9d341f31af7af6b02dcb1069bc08f3746416c7d86508073254714ff4"},
    {file = "grimp-3.9-cp311-cp311-macosx_10_12_x86_64.whl", hash = "sha256:f28984e7b0be7c820cb41bf6fb05d707567cc892e84ca5cd21603c57e86627dd"},
    {file = "grimp-3.9-cp311-cp311-macosx_11_0_arm64.whl", hash = "sha256:21a03a6b1c682f98d59971f10152d936fe4def0ac48109fd72d111a024588c7a"},
    {file = "grimp-3.9-cp311-cp311-manylinux_2_17_aarch64.manylinux2014_aarch64.whl", hash = "sha256:ae8ce8ce5535c6bd50d4ce10747afc8f3d6d98b1c25c66856219bbeae82f3156"},
    {file = "grimp-3.9-cp311-cp311-manylinux_2_17_armv7l.manylinux2014_armv7l.whl", hash = "sha256:3e26ed94b20b2991bc0742ab468d40bff0e33619cf506ecb2ec15dd8baa1094d"},
    {file = "grimp-3.9-cp311-cp311-manylinux_2_17_i686.manylinux2014_i686.whl", hash = "sha256:f6efe43e54753edca1705bf2d002e0c40e86402c19cd4ea66fb71e1bb628e8da"},
    {file = "grimp-3.9-cp311-cp311-manylinux_2_17_ppc64le.manylinux2014_ppc64le.whl", hash = "sha256:d83b2354e90b57ea3335381df78ffe0d653f68a7a9e6fcf382f157ad9558d778"},
    {file = "grimp-3.9-cp311-cp311-manylinux_2_17_s390x.manylinux2014_s390x.whl", hash = "sha256:465b6814c3e94081e9b9491975d8f14583ff1b2712e9ee2c7a88d165fece33ab"},
    {file = "grimp-3.9-cp311-cp311-manylinux_2_17_x86_64.manylinux2014_x86_64.whl", hash = "sha256:7f7d4289c3dd7fdd515abf7ad7125c405367edbee6e286f29d5176b4278a232d"},
    {file = "grimp-3.9-cp311-cp311-musllinux_1_2_aarch64.whl", hash = "sha256:3de8685aefa3de3c966cebcbd660cbbdb10f890b0b11746adf730b5dc738b35d"},
    {file = "grimp-3.9-cp311-cp311-musllinux_1_2_armv7l.whl", hash = "sha256:aec648946dd9f9cc154aa750b6875e1e6bb2a621565b0ca98e8b4228838c971e"},
    {file = "grimp-3.9-cp311-cp311-musllinux_1_2_i686.whl", hash = "sha256:edeb78b27cee3e484e27d91accd585bfa399870cb1097f9132a8fdc920dcc584"},
    {file = "grimp-3.9-cp311-cp311-musllinux_1_2_x86_64.whl", hash = "sha256:32993eaa86d3e65d302394c09228e17373720353640c7bc6847e40cac618db9e"},
    {file = "grimp-3.9-cp311-cp311-win32.whl", hash = "sha256:0e6cc81104b227a4185a2e2644f1ee70e90686174331c3d8004848ba9c811f08"},
    {file = "grimp-3.9-cp311-cp311-win_amd64.whl", hash = "sha256:088f5a67f67491a5d4c20ef67941cbbb15f928f78a412f0d032460ee2ce518fb"},
    {file = "grimp-3.9-cp312-cp312-macosx_10_12_x86_64.whl", hash = "sha256:c19a27aa7541b620df94ceafde89d6ebf9ee1b263e80d278ea45bdd504fec769"},
    {file = "grimp-3.9-cp312-cp312-macosx_11_0_arm64.whl", hash = "sha256:f68e7a771c9eb4459106decd6cc4f11313202b10d943a1a8bed463b528889dd0"},
    {file = "grimp-3.9-cp312-cp312-manylinux_2_17_aarch64.manylinux2014_aarch64.whl", hash = "sha256:8290eb4561dc29c590fc099f2bdac4827a9b86a018e146428854f9742ab480ef"},
    {file = "grimp-3.9-cp312-cp312-manylinux_2_17_armv7l.manylinux2014_armv7l.whl", hash = "sha256:4574c0d135e6af8cddc31ac9617c00aac3181bb4d476f5aea173a5f2ac8c7479"},
    {file = "grimp-3.9-cp312-cp312-manylinux_2_17_i686.manylinux2014_i686.whl", hash = "sha256:c5e4110bd0aedd7da899e44ec0d4a93529e93f2d03e5786e3469a5f7562e11e9"},
    {file = "grimp-3.9-cp312-cp312-manylinux_2_17_ppc64le.manylinux2014_ppc64le.whl", hash = "sha256:4d098f6e10c0e42c6be0eca2726a7d7218e90ba020141fa3f88426a5f7d09d71"},
    {file = "grimp-3.9-cp312-cp312-manylinux_2_17_s390x.manylinux2014_s390x.whl", hash = "sha256:69573ecc5cc84bb175e5aa5af2fe09dfb2f33a399c59c025f5f3d7d2f6f202fe"},
    {file = "grimp-3.9-cp312-cp312-manylinux_2_17_x86_64.manylinux2014_x86_64.whl", hash = "sha256:63e4bdb4382fb0afd52216e70a0e4da3f0500de8f9e40ee8d2b68a16a35c40c4"},
    {file = "grimp-3.9-cp312-cp312-musllinux_1_2_aarch64.whl", hash = "sha256:1ddde011e9bb2fa1abb816373bd8898d1a486cf4f4b13dc46a11ddcd57406e1b"},
    {file = "grimp-3.9-cp312-cp312-musllinux_1_2_armv7l.whl", hash = "sha256:fa32eed6fb383ec4e54b4073e8ce75a5b151bb1f1d11be66be18aee04d3c9c4b"},
    {file = "grimp-3.9-cp312-cp312-musllinux_1_2_i686.whl", hash = "sha256:e9cc09977f8688839e0c9873fd214e11c971f5df38bffb31d402d04803dfff92"},
    {file = "grimp-3.9-cp312-cp312-musllinux_1_2_x86_64.whl", hash = "sha256:3a732b461db86403aa3c8154ffab85d1964c8c6adaa763803ce260abbc504b6f"},
    {file = "grimp-3.9-cp312-cp312-win32.whl", hash = "sha256:829d60b4c1c8c6bfb1c7348cf3e30b87f462a7d9316ced9d8265146a2153a0cd"},
    {file = "grimp-3.9-cp312-cp312-win_amd64.whl", hash = "sha256:556ab4fbf943299fd90e467d481803b8e1a57d28c24af5867012559f51435ceb"},
    {file = "grimp-3.9-cp313-cp313-macosx_10_12_x86_64.whl", hash = "sha256:867b476677b1d2f89b6c9ca0d7c47b279fe9d0230087f621c6aba94331411690"},
    {file = "grimp-3.9-cp313-cp313-macosx_11_0_arm64.whl", hash = "sha256:faf5dd2cc7012a6024e743976674d55e66c6e556eaffd30e5843a88cc4623c16"},
    {file = "grimp-3.9-cp313-cp313-manylinux_2_17_aarch64.manylinux2014_aarch64.whl", hash = "sha256:0ff6c0de2e9cffed8f7ec1a9c80888f01017806cfb9acf9c3d8fc3137a629d51"},
    {file = "grimp-3.9-cp313-cp313-manylinux_2_17_armv7l.manylinux2014_armv7l.whl", hash = "sha256:e38f92a650756f9b00198991cb60c5e3add9d68475425fb4fe0960d1586660ce"},
    {file = "grimp-3.9-cp313-cp313-manylinux_2_17_i686.manylinux2014_i686.whl", hash = "sha256:f4e1ef77c7841b15d9f5002c767da1060ec42cb477fa7ae33d7f9dffb4705dc0"},
    {file = "grimp-3.9-cp313-cp313-manylinux_2_17_ppc64le.manylinux2014_ppc64le.whl", hash = "sha256:19a9bb0b05d1b0738920c604cdc544c9073df6edd71f31963054576647c8f897"},
    {file = "grimp-3.9-cp313-cp313-manylinux_2_17_s390x.manylinux2014_s390x.whl", hash = "sha256:9f9d5e6182859900610f15704847897115707b28ca2c9b5c754ef3bef9adb485"},
    {file = "grimp-3.9-cp313-cp313-manylinux_2_17_x86_64.manylinux2014_x86_64.whl", hash = "sha256:b4e63efe9c2df2e8efe98142fa754ef9140e3aa3ce942ef55f52bb7a177a0822"},
    {file = "grimp-3.9-cp313-cp313-musllinux_1_2_aarch64.whl", hash = "sha256:e204b17675763a7091fd5e8b7c58c83c8383505d90b6aea6a5e0d5bb737cb856"},
    {file = "grimp-3.9-cp313-cp313-musllinux_1_2_armv7l.whl", hash = "sha256:15d23a90d34d3f94e5437c7bc29ad1b82d059ed9b039c84d6ef20d83b826ca88"},
    {file = "grimp-3.9-cp313-cp313-musllinux_1_2_i686.whl", hash = "sha256:04ed7f682ac07aee6e8cd99c1ea3d0ba26ea8167b71b4b79f05640982c1b1fa3"},
    {file = "grimp-3.9-cp313-cp313-musllinux_1_2_x86_64.whl", hash = "sha256:75f33e7b98652ce17fc9a5d0dce0bc5f4ba68fd73a15f10dd4cd1ea511bab0c1"},
    {file = "grimp-3.9-cp313-cp313-win32.whl", hash = "sha256:72921d8727a508b34393a330748db91fca62fa506b86f5a4c457f713a6468c15"},
    {file = "grimp-3.9-cp313-cp313-win_amd64.whl", hash = "sha256:cd65bc6d030d9d788a1794e01cdc3b4abce2971cc821e2e7dc02d09c45febc56"},
    {file = "grimp-3.9-cp313-cp313t-manylinux_2_17_aarch64.manylinux2014_aarch64.whl", hash = "sha256:057d4f7e4b9f62909406701d5bab773b39e1fd8591043c6b19dba3ab3b275625"},
    {file = "grimp-3.9-cp313-cp313t-manylinux_2_17_armv7l.manylinux2014_armv7l.whl", hash = "sha256:0c660f1222b7c11d725d298bce09b85376b0084d5515b8364a7a70c0547a0992"},
    {file = "grimp-3.9-cp313-cp313t-manylinux_2_17_ppc64le.manylinux2014_ppc64le.whl", hash = "sha256:78662f2c0ae4e7ff3eacff051e6b3110ed026135545a1825a53a858d4e966ebb"},
    {file = "grimp-3.9-cp313-cp313t-manylinux_2_17_s390x.manylinux2014_s390x.whl", hash = "sha256:1b57b20f51ce7765adaffd80b3a17a365b770a5d237a772a2a8a74cc19c186f2"},
    {file = "grimp-3.9-cp313-cp313t-musllinux_1_2_aarch64.whl", hash = "sha256:335511ad698e2a7d6e15dccdb843afc6ad4bde79f213479c799f67c98ce36002"},
    {file = "grimp-3.9-cp313-cp313t-musllinux_1_2_armv7l.whl", hash = "sha256:574c94895d4fcac2e5ae794636fe687fb80b9ca59fe3bb8458d7a64bc3b3ed9e"},
    {file = "grimp-3.9-cp313-cp313t-musllinux_1_2_i686.whl", hash = "sha256:84c95f9df61ddaffd8f41a4181aa652f3fdf9932b26634cd8273d4dcd926321e"},
    {file = "grimp-3.9-cp313-cp313t-musllinux_1_2_x86_64.whl", hash = "sha256:9ddcbfd11d6e6b813121db1116f6b3c4930ab433a949522b5e80542c5da3d805"},
    {file = "grimp-3.9-cp39-cp39-macosx_10_12_x86_64.whl", hash = "sha256:5de1aedb52351f23f7a70cff66c16feacfd69567fb1cac04a9b0ea321760f2f5"},
    {file = "grimp-3.9-cp39-cp39-macosx_11_0_arm64.whl", hash = "sha256:44e6785aed2dcce003900f41798c21ae8c6f5899f36e304870a86a75ade18a0d"},
    {file = "grimp-3.9-cp39-cp39-manylinux_2_17_aarch64.manylinux2014_aarch64.whl", hash = "sha256:bbf998acdfa7ed87a70b0eba44cb240aec0273dc087f132c72ed1ad583625313"},
    {file = "grimp-3.9-cp39-cp39-manylinux_2_17_armv7l.manylinux2014_armv7l.whl", hash = "sha256:751304b8de0525c1276299f72cd81df04367438cdb384ea7df98753f11e4342b"},
    {file = "grimp-3.9-cp39-cp39-manylinux_2_17_i686.manylinux2014_i686.whl", hash = "sha256:72675e36675479df1f933cff4969adb480037c0155461b6944d030bd83c46deb"},
    {file = "grimp-3.9-cp39-cp39-manylinux_2_17_ppc64le.manylinux2014_ppc64le.whl", hash = "sha256:8a45d6042b9cabc4df9817745a531b746c0ead456550928219c7642ec05dd222"},
    {file = "grimp-3.9-cp39-cp39-manylinux_2_17_s390x.manylinux2014_s390x.whl", hash = "sha256:c9a61fd84e01ce5d4ca150494c614cc4db2a6c974d454bca7f169dd03d52f741"},
    {file = "grimp-3.9-cp39-cp39-manylinux_2_17_x86_64.manylinux2014_x86_64.whl", hash = "sha256:3c8bd22361a9cc5f602d9386ee271c260493dfab68a21c7f61ee5227c4407b7d"},
    {file = "grimp-3.9-cp39-cp39-musllinux_1_2_aarch64.whl", hash = "sha256:1d08a71a2d794f4c4fd891f96f6a37e8e83e562aa078f72eaaa3ca07ee8ab550"},
    {file = "grimp-3.9-cp39-cp39-musllinux_1_2_armv7l.whl", hash = "sha256:f32902b833c9ef9208f2c62975ba234ab4204e7a6f79f919bde6dc2fc589531b"},
    {file = "grimp-3.9-cp39-cp39-musllinux_1_2_i686.whl", hash = "sha256:11aafe1cbeb263a9a9f592feb957929bf7e7cef77a315ac3a13f9692eb8b16b1"},
    {file = "grimp-3.9-cp39-cp39-musllinux_1_2_x86_64.whl", hash = "sha256:bf316209ec7e2e46506e1ce3223b473f9869d01e88c6f01f78198434dd987bd5"},
    {file = "grimp-3.9-cp39-cp39-win32.whl", hash = "sha256:156d76ad1b2ac8967af0962909fda251e3f14a3ab2ee453a66ab12cf0186d3c4"},
    {file = "grimp-3.9-cp39-cp39-win_amd64.whl", hash = "sha256:6f66c9d037f4adeb30ea083da4e2a5d77411107ea86e488706864817e7663a76"},
    {file = "grimp-3.9-pp310-pypy310_pp73-manylinux_2_17_aarch64.manylinux2014_aarch64.whl", hash = "sha256:c10a8dadb7094a4d437da37ad9c4782eb3d08c52b8e80aa9a9cfbf0d0d289203"},
    {file = "grimp-3.9-pp310-pypy310_pp73-manylinux_2_17_armv7l.manylinux2014_armv7l.whl", hash = "sha256:c9e86bc544056385041f9e5ff4f061fa88209219cee5689aa564d995ecb0bfe8"},
    {file = "grimp-3.9-pp310-pypy310_pp73-manylinux_2_17_i686.manylinux2014_i686.whl", hash = "sha256:94414e7c29117cc6bc92a68bc2fe81ad3c80469c410c6c7da14db10fb814b66c"},
    {file = "grimp-3.9-pp310-pypy310_pp73-manylinux_2_17_ppc64le.manylinux2014_ppc64le.whl", hash = "sha256:c637b9f58e4a4a9265b3c1db5ff30d285495412b5baeeede676443c0bd9cb75b"},
    {file = "grimp-3.9-pp310-pypy310_pp73-manylinux_2_17_s390x.manylinux2014_s390x.whl", hash = "sha256:e10be6c463ac6f519f5b9a047e57292f00162d750c61bbb19df8d0ef23144c71"},
    {file = "grimp-3.9-pp310-pypy310_pp73-manylinux_2_17_x86_64.manylinux2014_x86_64.whl", hash = "sha256:6217f7bc2a2227bd0c7baaf2c84fee2e1fa504535838a58684675fcb1d05a144"},
    {file = "grimp-3.9-pp310-pypy310_pp73-musllinux_1_2_aarch64.whl", hash = "sha256:2d6a2aa5e72a6b24b1df0904e0b73be3be037ac395a0f7c41c753cd1be21d0be"},
    {file = "grimp-3.9-pp310-pypy310_pp73-musllinux_1_2_armv7l.whl", hash = "sha256:8e7dceec0c9651b3cbefe3bc59eaec6c74054d862630458db46e0be5bdbbbc85"},
    {file = "grimp-3.9-pp310-pypy310_pp73-musllinux_1_2_i686.whl", hash = "sha256:b6dbdb37c85d335e035db7670da118d12a9ea09662fe74a667706f6dda36d6dd"},
    {file = "grimp-3.9-pp310-pypy310_pp73-musllinux_1_2_x86_64.whl", hash = "sha256:8125134fca3b89608efae89b82e2ab2156619492e26af6cb8d90e862d31b345e"},
    {file = "grimp-3.9-pp311-pypy311_pp73-manylinux_2_17_aarch64.manylinux2014_aarch64.whl", hash = "sha256:61b9069230b38f50fe85adba1037a8c9abfb21d2e219ba7ee76e045b3ff2b119"},
    {file = "grimp-3.9-pp311-pypy311_pp73-manylinux_2_17_armv7l.manylinux2014_armv7l.whl", hash = "sha256:c2bda4243558d3ddd349a135c3444ef20d6778471316bbe8e5ca84ffc7a97447"},
    {file = "grimp-3.9-pp311-pypy311_pp73-manylinux_2_17_i686.manylinux2014_i686.whl", hash = "sha256:f9711f25ad6c03f33c14b158c4c83beaf906d544026a575f4aadd8dbd9d30594"},
    {file = "grimp-3.9-pp311-pypy311_pp73-manylinux_2_17_ppc64le.manylinux2014_ppc64le.whl", hash = "sha256:642139de62d81650fcf3130a68fc1a6db2e244a2c02d84ff98e6b73d70588de1"},
    {file = "grimp-3.9-pp311-pypy311_pp73-manylinux_2_17_s390x.manylinux2014_s390x.whl", hash = "sha256:33b819a79171d8707583b40d3fc658f16758339da19496f0a49ae856cf904104"},
    {file = "grimp-3.9-pp311-pypy311_pp73-manylinux_2_17_x86_64.manylinux2014_x86_64.whl", hash = "sha256:0ff48e80a2c1ffde2c0b5b6e0a1f178058090f3d0e25b3ae1f2f00a9fb38a2fe"},
    {file = "grimp-3.9-pp311-pypy311_pp73-musllinux_1_2_aarch64.whl", hash = "sha256:e087b54eb1b8b6d3171d986dbfdd9ad7d73df1944dfaa55d08d3c66b33c94638"},
    {file = "grimp-3.9-pp311-pypy311_pp73-musllinux_1_2_armv7l.whl", hash = "sha256:a9c3bd888ea57dca279765078facba2d4ed460a2f19850190df6b1e5e498aef3"},
    {file = "grimp-3.9-pp311-pypy311_pp73-musllinux_1_2_i686.whl", hash = "sha256:5392b4f863dca505a6801af8be738228cdce5f1c71d90f7f8efba2cdc2f1a1cb"},
    {file = "grimp-3.9-pp311-pypy311_pp73-musllinux_1_2_x86_64.whl", hash = "sha256:7719cb213aacad7d0e6d69a9be4f998133d9b9ad3fa873b07dfaa221131ac2dc"},
    {file = "grimp-3.9-pp39-pypy39_pp73-manylinux_2_17_aarch64.manylinux2014_aarch64.whl", hash = "sha256:39e0fdc42b55954e26c595e7c9ac477218d4a342024b198d90ab76ec82263065"},
    {file = "grimp-3.9-pp39-pypy39_pp73-manylinux_2_17_armv7l.manylinux2014_armv7l.whl", hash = "sha256:99eb44ecb368c0f224247697298182db1858b1142e612a13f6e251acbe27d2ac"},
    {file = "grimp-3.9-pp39-pypy39_pp73-manylinux_2_17_ppc64le.manylinux2014_ppc64le.whl", hash = "sha256:0e4c3766190e1e21d80f368e4a8c48d306fd4ba568ad6168947d39b2d1edd029"},
    {file = "grimp-3.9-pp39-pypy39_pp73-manylinux_2_17_s390x.manylinux2014_s390x.whl", hash = "sha256:8cb92110ded311474b90f30acef51fd23b458c89252ce5a41a1933f39ad8abf7"},
    {file = "grimp-3.9-pp39-pypy39_pp73-musllinux_1_2_aarch64.whl", hash = "sha256:badfc77336e950d3c40ff1338fe32bf603c0afebd7582cbfb34905eb4f85fca1"},
    {file = "grimp-3.9-pp39-pypy39_pp73-musllinux_1_2_armv7l.whl", hash = "sha256:1ddd50c4f62196adcb14999ec49381a41f8404ea166e4d25afb8f944ebaa1728"},
    {file = "grimp-3.9-pp39-pypy39_pp73-musllinux_1_2_i686.whl", hash = "sha256:b994de7d526825bbfc51d1bf1e4ce6037acf0b6a264422029d02adb591575e28"},
    {file = "grimp-3.9-pp39-pypy39_pp73-musllinux_1_2_x86_64.whl", hash = "sha256:434b53437fd06071e94db6c2979b686e14d5995dc7c2ca3fe0793ef489c427da"},
    {file = "grimp-3.9.tar.gz", hash = "sha256:b677ac17301d7e0f1e19cc7057731bd7956a2121181eb5057e51efb44301fb0a"},
]

[package.dependencies]
joblib = ">=1.3.0"
typing-extensions = ">=3.10.0.0"

[[package]]
name = "import-linter"
version = "2.3"
description = "Enforces rules for the imports within and between Python packages."
optional = false
python-versions = ">=3.9"
groups = ["dev"]
files = [
    {file = "import_linter-2.3-py3-none-any.whl", hash = "sha256:5b851776782048ff1be214f1e407ef2e3d30dcb23194e8b852772941811a1258"},
    {file = "import_linter-2.3.tar.gz", hash = "sha256:863646106d52ee5489965670f97a2a78f2c8c68d2d20392322bf0d7cc0111aa7"},
]

[package.dependencies]
click = ">=6"
grimp = ">=3.7"
typing-extensions = ">=3.10.0.0"

[[package]]
name = "iniconfig"
version = "2.1.0"
description = "brain-dead simple config-ini parsing"
optional = false
python-versions = ">=3.8"
groups = ["dev"]
files = [
    {file = "iniconfig-2.1.0-py3-none-any.whl", hash = "sha256:9deba5723312380e77435581c6bf4935c94cbfab9b1ed33ef8d238ea168eb760"},
    {file = "iniconfig-2.1.0.tar.gz", hash = "sha256:3abbd2e30b36733fee78f9c7f7308f2d0050e88f0087fd25c2645f63c773e1c7"},
]

[[package]]
name = "isort"
version = "5.13.2"
description = "A Python utility / library to sort Python imports."
optional = false
python-versions = ">=3.8.0"
groups = ["dev"]
files = [
    {file = "isort-5.13.2-py3-none-any.whl", hash = "sha256:8ca5e72a8d85860d5a3fa69b8745237f2939afe12dbf656afbcb47fe72d947a6"},
    {file = "isort-5.13.2.tar.gz", hash = "sha256:48fdfcb9face5d58a4f6dde2e72a1fb8dcaf8ab26f95ab49fab84c2ddefb0109"},
]

[package.extras]
colors = ["colorama (>=0.4.6)"]

[[package]]
name = "joblib"
version = "1.5.1"
description = "Lightweight pipelining with Python functions"
optional = false
python-versions = ">=3.9"
groups = ["dev"]
files = [
    {file = "joblib-1.5.1-py3-none-any.whl", hash = "sha256:4719a31f054c7d766948dcd83e9613686b27114f190f717cec7eaa2084f8a74a"},
    {file = "joblib-1.5.1.tar.gz", hash = "sha256:f4f86e351f39fe3d0d32a9f2c3d8af1ee4cec285aafcb27003dda5205576b444"},
]

[[package]]
name = "mando"
version = "0.7.1"
description = "Create Python CLI apps with little to no effort at all!"
optional = false
python-versions = "*"
groups = ["dev"]
files = [
    {file = "mando-0.7.1-py2.py3-none-any.whl", hash = "sha256:26ef1d70928b6057ee3ca12583d73c63e05c49de8972d620c278a7b206581a8a"},
    {file = "mando-0.7.1.tar.gz", hash = "sha256:18baa999b4b613faefb00eac4efadcf14f510b59b924b66e08289aa1de8c3500"},
]

[package.dependencies]
six = "*"

[package.extras]
restructuredtext = ["rst2ansi"]

[[package]]
name = "mccabe"
version = "0.7.0"
description = "McCabe checker, plugin for flake8"
optional = false
python-versions = ">=3.6"
groups = ["dev"]
files = [
    {file = "mccabe-0.7.0-py2.py3-none-any.whl", hash = "sha256:6c2d30ab6be0e4a46919781807b4f0d834ebdd6c6e3dca0bda5a15f863427b6e"},
    {file = "mccabe-0.7.0.tar.gz", hash = "sha256:348e0240c33b60bbdf4e523192ef919f28cb2c3d7d5c7794f74009290f236325"},
]

[[package]]
name = "mypy"
version = "1.14.1"
description = "Optional static typing for Python"
optional = false
python-versions = ">=3.8"
groups = ["dev"]
files = [
    {file = "mypy-1.14.1-cp310-cp310-macosx_10_9_x86_64.whl", hash = "sha256:52686e37cf13d559f668aa398dd7ddf1f92c5d613e4f8cb262be2fb4fedb0fcb"},
    {file = "mypy-1.14.1-cp310-cp310-macosx_11_0_arm64.whl", hash = "sha256:1fb545ca340537d4b45d3eecdb3def05e913299ca72c290326be19b3804b39c0"},
    {file = "mypy-1.14.1-cp310-cp310-manylinux_2_17_aarch64.manylinux2014_aarch64.manylinux_2_28_aarch64.whl", hash = "sha256:90716d8b2d1f4cd503309788e51366f07c56635a3309b0f6a32547eaaa36a64d"},
    {file = "mypy-1.14.1-cp310-cp310-manylinux_2_17_x86_64.manylinux2014_x86_64.manylinux_2_28_x86_64.whl", hash = "sha256:2ae753f5c9fef278bcf12e1a564351764f2a6da579d4a81347e1d5a15819997b"},
    {file = "mypy-1.14.1-cp310-cp310-musllinux_1_2_x86_64.whl", hash = "sha256:e0fe0f5feaafcb04505bcf439e991c6d8f1bf8b15f12b05feeed96e9e7bf1427"},
    {file = "mypy-1.14.1-cp310-cp310-win_amd64.whl", hash = "sha256:7d54bd85b925e501c555a3227f3ec0cfc54ee8b6930bd6141ec872d1c572f81f"},
    {file = "mypy-1.14.1-cp311-cp311-macosx_10_9_x86_64.whl", hash = "sha256:f995e511de847791c3b11ed90084a7a0aafdc074ab88c5a9711622fe4751138c"},
    {file = "mypy-1.14.1-cp311-cp311-macosx_11_0_arm64.whl", hash = "sha256:d64169ec3b8461311f8ce2fd2eb5d33e2d0f2c7b49116259c51d0d96edee48d1"},
    {file = "mypy-1.14.1-cp311-cp311-manylinux_2_17_aarch64.manylinux2014_aarch64.manylinux_2_28_aarch64.whl", hash = "sha256:ba24549de7b89b6381b91fbc068d798192b1b5201987070319889e93038967a8"},
    {file = "mypy-1.14.1-cp311-cp311-manylinux_2_17_x86_64.manylinux2014_x86_64.manylinux_2_28_x86_64.whl", hash = "sha256:183cf0a45457d28ff9d758730cd0210419ac27d4d3f285beda038c9083363b1f"},
    {file = "mypy-1.14.1-cp311-cp311-musllinux_1_2_x86_64.whl", hash = "sha256:f2a0ecc86378f45347f586e4163d1769dd81c5a223d577fe351f26b179e148b1"},
    {file = "mypy-1.14.1-cp311-cp311-win_amd64.whl", hash = "sha256:ad3301ebebec9e8ee7135d8e3109ca76c23752bac1e717bc84cd3836b4bf3eae"},
    {file = "mypy-1.14.1-cp312-cp312-macosx_10_13_x86_64.whl", hash = "sha256:30ff5ef8519bbc2e18b3b54521ec319513a26f1bba19a7582e7b1f58a6e69f14"},
    {file = "mypy-1.14.1-cp312-cp312-macosx_11_0_arm64.whl", hash = "sha256:cb9f255c18052343c70234907e2e532bc7e55a62565d64536dbc7706a20b78b9"},
    {file = "mypy-1.14.1-cp312-cp312-manylinux_2_17_aarch64.manylinux2014_aarch64.manylinux_2_28_aarch64.whl", hash = "sha256:8b4e3413e0bddea671012b063e27591b953d653209e7a4fa5e48759cda77ca11"},
    {file = "mypy-1.14.1-cp312-cp312-manylinux_2_17_x86_64.manylinux2014_x86_64.manylinux_2_28_x86_64.whl", hash = "sha256:553c293b1fbdebb6c3c4030589dab9fafb6dfa768995a453d8a5d3b23784af2e"},
    {file = "mypy-1.14.1-cp312-cp312-musllinux_1_2_x86_64.whl", hash = "sha256:fad79bfe3b65fe6a1efaed97b445c3d37f7be9fdc348bdb2d7cac75579607c89"},
    {file = "mypy-1.14.1-cp312-cp312-win_amd64.whl", hash = "sha256:8fa2220e54d2946e94ab6dbb3ba0a992795bd68b16dc852db33028df2b00191b"},
    {file = "mypy-1.14.1-cp313-cp313-macosx_10_13_x86_64.whl", hash = "sha256:92c3ed5afb06c3a8e188cb5da4984cab9ec9a77ba956ee419c68a388b4595255"},
    {file = "mypy-1.14.1-cp313-cp313-macosx_11_0_arm64.whl", hash = "sha256:dbec574648b3e25f43d23577309b16534431db4ddc09fda50841f1e34e64ed34"},
    {file = "mypy-1.14.1-cp313-cp313-manylinux_2_17_aarch64.manylinux2014_aarch64.manylinux_2_28_aarch64.whl", hash = "sha256:8c6d94b16d62eb3e947281aa7347d78236688e21081f11de976376cf010eb31a"},
    {file = "mypy-1.14.1-cp313-cp313-manylinux_2_17_x86_64.manylinux2014_x86_64.manylinux_2_28_x86_64.whl", hash = "sha256:d4b19b03fdf54f3c5b2fa474c56b4c13c9dbfb9a2db4370ede7ec11a2c5927d9"},
    {file = "mypy-1.14.1-cp313-cp313-musllinux_1_2_x86_64.whl", hash = "sha256:0c911fde686394753fff899c409fd4e16e9b294c24bfd5e1ea4675deae1ac6fd"},
    {file = "mypy-1.14.1-cp313-cp313-win_amd64.whl", hash = "sha256:8b21525cb51671219f5307be85f7e646a153e5acc656e5cebf64bfa076c50107"},
    {file = "mypy-1.14.1-cp38-cp38-macosx_10_9_x86_64.whl", hash = "sha256:7084fb8f1128c76cd9cf68fe5971b37072598e7c31b2f9f95586b65c741a9d31"},
    {file = "mypy-1.14.1-cp38-cp38-macosx_11_0_arm64.whl", hash = "sha256:8f845a00b4f420f693f870eaee5f3e2692fa84cc8514496114649cfa8fd5e2c6"},
    {file = "mypy-1.14.1-cp38-cp38-manylinux_2_17_aarch64.manylinux2014_aarch64.manylinux_2_28_aarch64.whl", hash = "sha256:44bf464499f0e3a2d14d58b54674dee25c031703b2ffc35064bd0df2e0fac319"},
    {file = "mypy-1.14.1-cp38-cp38-manylinux_2_17_x86_64.manylinux2014_x86_64.manylinux_2_28_x86_64.whl", hash = "sha256:c99f27732c0b7dc847adb21c9d47ce57eb48fa33a17bc6d7d5c5e9f9e7ae5bac"},
    {file = "mypy-1.14.1-cp38-cp38-musllinux_1_2_x86_64.whl", hash = "sha256:bce23c7377b43602baa0bd22ea3265c49b9ff0b76eb315d6c34721af4cdf1d9b"},
    {file = "mypy-1.14.1-cp38-cp38-win_amd64.whl", hash = "sha256:8edc07eeade7ebc771ff9cf6b211b9a7d93687ff892150cb5692e4f4272b0837"},
    {file = "mypy-1.14.1-cp39-cp39-macosx_10_9_x86_64.whl", hash = "sha256:3888a1816d69f7ab92092f785a462944b3ca16d7c470d564165fe703b0970c35"},
    {file = "mypy-1.14.1-cp39-cp39-macosx_11_0_arm64.whl", hash = "sha256:46c756a444117c43ee984bd055db99e498bc613a70bbbc120272bd13ca579fbc"},
    {file = "mypy-1.14.1-cp39-cp39-manylinux_2_17_aarch64.manylinux2014_aarch64.manylinux_2_28_aarch64.whl", hash = "sha256:27fc248022907e72abfd8e22ab1f10e903915ff69961174784a3900a8cba9ad9"},
    {file = "mypy-1.14.1-cp39-cp39-manylinux_2_17_x86_64.manylinux2014_x86_64.manylinux_2_28_x86_64.whl", hash = "sha256:499d6a72fb7e5de92218db961f1a66d5f11783f9ae549d214617edab5d4dbdbb"},
    {file = "mypy-1.14.1-cp39-cp39-musllinux_1_2_x86_64.whl", hash = "sha256:57961db9795eb566dc1d1b4e9139ebc4c6b0cb6e7254ecde69d1552bf7613f60"},
    {file = "mypy-1.14.1-cp39-cp39-win_amd64.whl", hash = "sha256:07ba89fdcc9451f2ebb02853deb6aaaa3d2239a236669a63ab3801bbf923ef5c"},
    {file = "mypy-1.14.1-py3-none-any.whl", hash = "sha256:b66a60cc4073aeb8ae00057f9c1f64d49e90f918fbcef9a977eb121da8b8f1d1"},
    {file = "mypy-1.14.1.tar.gz", hash = "sha256:7ec88144fe9b510e8475ec2f5f251992690fcf89ccb4500b214b4226abcd32d6"},
]

[package.dependencies]
mypy_extensions = ">=1.0.0"
typing_extensions = ">=4.6.0"

[package.extras]
dmypy = ["psutil (>=4.0)"]
faster-cache = ["orjson"]
install-types = ["pip"]
mypyc = ["setuptools (>=50)"]
reports = ["lxml"]

[[package]]
name = "mypy-extensions"
version = "1.1.0"
description = "Type system extensions for programs checked with the mypy type checker."
optional = false
python-versions = ">=3.8"
groups = ["dev"]
files = [
    {file = "mypy_extensions-1.1.0-py3-none-any.whl", hash = "sha256:1be4cccdb0f2482337c4743e60421de3a356cd97508abadd57d47403e94f5505"},
    {file = "mypy_extensions-1.1.0.tar.gz", hash = "sha256:52e68efc3284861e772bbcd66823fde5ae21fd2fdb51c62a211403730b916558"},
]

[[package]]
name = "packaging"
version = "25.0"
description = "Core utilities for Python packages"
optional = false
python-versions = ">=3.8"
groups = ["dev"]
files = [
    {file = "packaging-25.0-py3-none-any.whl", hash = "sha256:29572ef2b1f17581046b3a2227d5c611fb25ec70ca1ba8554b24b0e69331a484"},
    {file = "packaging-25.0.tar.gz", hash = "sha256:d443872c98d677bf60f6a1f2f8c1cb748e8fe762d2bf9d3148b5599295b0fc4f"},
]

[[package]]
name = "pathspec"
version = "0.12.1"
description = "Utility library for gitignore style pattern matching of file paths."
optional = false
python-versions = ">=3.8"
groups = ["dev"]
files = [
    {file = "pathspec-0.12.1-py3-none-any.whl", hash = "sha256:a0d503e138a4c123b27490a4f7beda6a01c6f288df0e4a8b79c7eb0dc7b4cc08"},
    {file = "pathspec-0.12.1.tar.gz", hash = "sha256:a482d51503a1ab33b1c67a6c3813a26953dbdc71c31dacaef9a838c4e29f5712"},
]

[[package]]
name = "platformdirs"
version = "4.3.6"
description = "A small Python package for determining appropriate platform-specific dirs, e.g. a `user data dir`."
optional = false
python-versions = ">=3.8"
groups = ["dev"]
files = [
    {file = "platformdirs-4.3.6-py3-none-any.whl", hash = "sha256:73e575e1408ab8103900836b97580d5307456908a03e92031bab39e4554cc3fb"},
    {file = "platformdirs-4.3.6.tar.gz", hash = "sha256:357fb2acbc885b0419afd3ce3ed34564c13c9b95c89360cd9563f73aa5e2b907"},
]

[package.extras]
docs = ["furo (>=2024.8.6)", "proselint (>=0.14)", "sphinx (>=8.0.2)", "sphinx-autodoc-typehints (>=2.4)"]
test = ["appdirs (==1.4.4)", "covdefaults (>=2.3)", "pytest (>=8.3.2)", "pytest-cov (>=5)", "pytest-mock (>=3.14)"]
type = ["mypy (>=1.11.2)"]

[[package]]
name = "pluggy"
version = "1.5.0"
description = "plugin and hook calling mechanisms for python"
optional = false
python-versions = ">=3.8"
groups = ["dev"]
files = [
    {file = "pluggy-1.5.0-py3-none-any.whl", hash = "sha256:44e1ad92c8ca002de6377e165f3e0f1be63266ab4d554740532335b9d75ea669"},
    {file = "pluggy-1.5.0.tar.gz", hash = "sha256:2cffa88e94fdc978c4c574f15f9e59b7f4201d439195c3715ca9e2486f1d0cf1"},
]

[package.extras]
dev = ["pre-commit", "tox"]
testing = ["pytest", "pytest-benchmark"]

[[package]]
name = "pycodestyle"
version = "2.11.1"
description = "Python style guide checker"
optional = false
python-versions = ">=3.8"
groups = ["dev"]
files = [
    {file = "pycodestyle-2.11.1-py2.py3-none-any.whl", hash = "sha256:44fe31000b2d866f2e41841b18528a505fbd7fef9017b04eff4e2648a0fadc67"},
    {file = "pycodestyle-2.11.1.tar.gz", hash = "sha256:41ba0e7afc9752dfb53ced5489e89f8186be00e599e712660695b7a75ff2663f"},
]

[[package]]
name = "pyflakes"
version = "3.1.0"
description = "passive checker of Python programs"
optional = false
python-versions = ">=3.8"
groups = ["dev"]
files = [
    {file = "pyflakes-3.1.0-py2.py3-none-any.whl", hash = "sha256:4132f6d49cb4dae6819e5379898f2b8cce3c5f23994194c24b77d5da2e36f774"},
    {file = "pyflakes-3.1.0.tar.gz", hash = "sha256:a0aae034c444db0071aa077972ba4768d40c830d9539fd45bf4cd3f8f6992efc"},
]

[[package]]
name = "pylint"
version = "3.3.7"
description = "python code static checker"
optional = false
python-versions = ">=3.9.0"
groups = ["dev"]
files = [
    {file = "pylint-3.3.7-py3-none-any.whl", hash = "sha256:43860aafefce92fca4cf6b61fe199cdc5ae54ea28f9bf4cd49de267b5195803d"},
    {file = "pylint-3.3.7.tar.gz", hash = "sha256:2b11de8bde49f9c5059452e0c310c079c746a0a8eeaa789e5aa966ecc23e4559"},
]

[package.dependencies]
astroid = ">=3.3.8,<=3.4.0.dev0"
colorama = {version = ">=0.4.5", markers = "sys_platform == \"win32\""}
dill = [
    {version = ">=0.3.7", markers = "python_version >= \"3.12\""},
    {version = ">=0.3.6", markers = "python_version == \"3.11\""},
]
isort = ">=4.2.5,<5.13 || >5.13,<7"
mccabe = ">=0.6,<0.8"
platformdirs = ">=2.2"
tomlkit = ">=0.10.1"

[package.extras]
spelling = ["pyenchant (>=3.2,<4.0)"]
testutils = ["gitpython (>3)"]

[[package]]
name = "pyperclip"
version = "1.9.0"
description = "A cross-platform clipboard module for Python. (Only handles plain text for now.)"
optional = false
python-versions = "*"
groups = ["main"]
files = [
    {file = "pyperclip-1.9.0.tar.gz", hash = "sha256:b7de0142ddc81bfc5c7507eea19da920b92252b548b96186caf94a5e2527d310"},
]

[[package]]
name = "pytest"
version = "7.4.4"
description = "pytest: simple powerful testing with Python"
optional = false
python-versions = ">=3.7"
groups = ["dev"]
files = [
    {file = "pytest-7.4.4-py3-none-any.whl", hash = "sha256:b090cdf5ed60bf4c45261be03239c2c1c22df034fbffe691abe93cd80cea01d8"},
    {file = "pytest-7.4.4.tar.gz", hash = "sha256:2cf0005922c6ace4a3e2ec8b4080eb0d9753fdc93107415332f50ce9e7994280"},
]

[package.dependencies]
colorama = {version = "*", markers = "sys_platform == \"win32\""}
iniconfig = "*"
packaging = "*"
pluggy = ">=0.12,<2.0"

[package.extras]
testing = ["argcomplete", "attrs (>=19.2.0)", "hypothesis (>=3.56)", "mock", "nose", "pygments (>=2.7.2)", "requests", "setuptools", "xmlschema"]

[[package]]
name = "pytest-asyncio"
version = "0.21.2"
description = "Pytest support for asyncio"
optional = false
python-versions = ">=3.7"
groups = ["dev"]
files = [
    {file = "pytest_asyncio-0.21.2-py3-none-any.whl", hash = "sha256:ab664c88bb7998f711d8039cacd4884da6430886ae8bbd4eded552ed2004f16b"},
    {file = "pytest_asyncio-0.21.2.tar.gz", hash = "sha256:d67738fc232b94b326b9d060750beb16e0074210b98dd8b58a5239fa2a154f45"},
]

[package.dependencies]
pytest = ">=7.0.0"

[package.extras]
docs = ["sphinx (>=5.3)", "sphinx-rtd-theme (>=1.0)"]
testing = ["coverage (>=6.2)", "flaky (>=3.5.0)", "hypothesis (>=5.7.1)", "mypy (>=0.931)", "pytest-trio (>=0.7.0)"]

[[package]]
name = "pytest-timeout"
version = "2.4.0"
description = "pytest plugin to abort hanging tests"
optional = false
python-versions = ">=3.7"
groups = ["dev"]
files = [
    {file = "pytest_timeout-2.4.0-py3-none-any.whl", hash = "sha256:c42667e5cdadb151aeb5b26d114aff6bdf5a907f176a007a30b940d3d865b5c2"},
    {file = "pytest_timeout-2.4.0.tar.gz", hash = "sha256:7e68e90b01f9eff71332b25001f85c75495fc4e3a836701876183c4bcfd0540a"},
]

[package.dependencies]
pytest = ">=7.0.0"

[[package]]
name = "radon"
version = "6.0.1"
description = "Code Metrics in Python"
optional = false
python-versions = "*"
groups = ["dev"]
files = [
    {file = "radon-6.0.1-py2.py3-none-any.whl", hash = "sha256:632cc032364a6f8bb1010a2f6a12d0f14bc7e5ede76585ef29dc0cecf4cd8859"},
    {file = "radon-6.0.1.tar.gz", hash = "sha256:d1ac0053943a893878940fedc8b19ace70386fc9c9bf0a09229a44125ebf45b5"},
]

[package.dependencies]
colorama = {version = ">=0.4.1", markers = "python_version > \"3.4\""}
mando = ">=0.6,<0.8"

[package.extras]
toml = ["tomli (>=2.0.1)"]

[[package]]
name = "six"
version = "1.17.0"
description = "Python 2 and 3 compatibility utilities"
optional = false
python-versions = "!=3.0.*,!=3.1.*,!=3.2.*,>=2.7"
groups = ["dev"]
files = [
    {file = "six-1.17.0-py2.py3-none-any.whl", hash = "sha256:4721f391ed90541fddacab5acf947aa0d3dc7d27b2e1e8eda2be8970586c3274"},
    {file = "six-1.17.0.tar.gz", hash = "sha256:ff70335d468e7eb6ec65b95b99d3a2836546063f63acc5171de367e834932a81"},
]

[[package]]
name = "tomlkit"
version = "0.13.3"
description = "Style preserving TOML library"
optional = false
python-versions = ">=3.8"
groups = ["dev"]
files = [
    {file = "tomlkit-0.13.3-py3-none-any.whl", hash = "sha256:c89c649d79ee40629a9fda55f8ace8c6a1b42deb912b2a8fd8d942ddadb606b0"},
    {file = "tomlkit-0.13.3.tar.gz", hash = "sha256:430cf247ee57df2b94ee3fbe588e71d362a941ebb545dec29b53961d61add2a1"},
]

[[package]]
name = "typing-extensions"
version = "4.13.2"
description = "Backported and Experimental Type Hints for Python 3.8+"
optional = false
python-versions = ">=3.8"
groups = ["dev"]
files = [
    {file = "typing_extensions-4.13.2-py3-none-any.whl", hash = "sha256:a439e7c04b49fec3e5d3e2beaa21755cadbbdc391694e28ccdd36ca4a1408f8c"},
    {file = "typing_extensions-4.13.2.tar.gz", hash = "sha256:e6c81219bd689f51865d9e372991c540bda33a0379d5573cddb9a3a23f7caaef"},
]

[metadata]
lock-version = "2.1"
python-versions = "^3.11"
content-hash = "4bddfdc442bb21351e7a912d03039fee0260ee3183690111a5328cf54f54e6f6"
